
Microsoft Visual Studio Solution File, Format Version 12.00
# Visual Studio Version 16
VisualStudioVersion = 16.0.30204.135
MinimumVisualStudioVersion = 10.0.40219.1
Project("{FAE04EC0-301F-11D3-BF4B-00C04F79EFBC}") = "20200613_CoreWpfControlLibrary1", "20200613_CoreWpfControlLibrary1\20200613_CoreWpfControlLibrary1.csproj", "{D1926FDB-903F-4859-924A-CB2FB08EE2E3}"
EndProject
Project("{FAE04EC0-301F-11D3-BF4B-00C04F79EFBC}") = "WpfApp1動作確認", "WpfApp1動作確認\WpfApp1動作確認.csproj", "{C48FDF85-072A-487F-A4E6-23BDAAA69164}"
EndProject
Global
	GlobalSection(SolutionConfigurationPlatforms) = preSolution
		Debug|Any CPU = Debug|Any CPU
		Debug|x64 = Debug|x64
		Release|Any CPU = Release|Any CPU
		Release|x64 = Release|x64
	EndGlobalSection
	GlobalSection(ProjectConfigurationPlatforms) = postSolution
		{D1926FDB-903F-4859-924A-CB2FB08EE2E3}.Debug|Any CPU.ActiveCfg = Debug|x64
		{D1926FDB-903F-4859-924A-CB2FB08EE2E3}.Debug|Any CPU.Build.0 = Debug|x64
		{D1926FDB-903F-4859-924A-CB2FB08EE2E3}.Debug|x64.ActiveCfg = Debug|x64
		{D1926FDB-903F-4859-924A-CB2FB08EE2E3}.Debug|x64.Build.0 = Debug|x64
		{D1926FDB-903F-4859-924A-CB2FB08EE2E3}.Release|Any CPU.ActiveCfg = Release|Any CPU
		{D1926FDB-903F-4859-924A-CB2FB08EE2E3}.Release|Any CPU.Build.0 = Release|Any CPU
		{D1926FDB-903F-4859-924A-CB2FB08EE2E3}.Release|x64.ActiveCfg = Release|Any CPU
		{D1926FDB-903F-4859-924A-CB2FB08EE2E3}.Release|x64.Build.0 = Release|Any CPU
		{C48FDF85-072A-487F-A4E6-23BDAAA69164}.Debug|Any CPU.ActiveCfg = Debug|Any CPU
		{C48FDF85-072A-487F-A4E6-23BDAAA69164}.Debug|Any CPU.Build.0 = Debug|Any CPU
		{C48FDF85-072A-487F-A4E6-23BDAAA69164}.Debug|x64.ActiveCfg = Debug|Any CPU
		{C48FDF85-072A-487F-A4E6-23BDAAA69164}.Debug|x64.Build.0 = Debug|Any CPU
		{C48FDF85-072A-487F-A4E6-23BDAAA69164}.Release|Any CPU.ActiveCfg = Release|Any CPU
		{C48FDF85-072A-487F-A4E6-23BDAAA69164}.Release|Any CPU.Build.0 = Release|Any CPU
		{C48FDF85-072A-487F-A4E6-23BDAAA69164}.Release|x64.ActiveCfg = Release|Any CPU
		{C48FDF85-072A-487F-A4E6-23BDAAA69164}.Release|x64.Build.0 = Release|Any CPU
	EndGlobalSection
	GlobalSection(SolutionProperties) = preSolution
		HideSolutionNode = FALSE
	EndGlobalSection
	GlobalSection(ExtensibilityGlobals) = postSolution
		SolutionGuid = {3BA587C2-90D3-4166-9CCA-E475CB9D4CDC}
	EndGlobalSection
EndGlobal
