
Microsoft Visual Studio Solution File, Format Version 12.00
# Visual Studio Version 16
VisualStudioVersion = 16.0.30204.135
MinimumVisualStudioVersion = 10.0.40219.1
Project("{9A19103F-16F7-4668-BE54-9A1E7A4F7556}") = "20200612_WpfApp1UpDown", "20200612_WpfApp1UpDown\20200612_WpfApp1UpDown.csproj", "{D3F63841-CD2B-4917-AF1E-CEF53980AD67}"
EndProject
Project("{FAE04EC0-301F-11D3-BF4B-00C04F79EFBC}") = "WpfControlLibrary1", "WpfControlLibrary1\WpfControlLibrary1.csproj", "{774326D7-EE70-4817-9B64-05818D91E8CE}"
EndProject
Global
	GlobalSection(SolutionConfigurationPlatforms) = preSolution
		Debug|Any CPU = Debug|Any CPU
		Debug|x64 = Debug|x64
		Release|Any CPU = Release|Any CPU
		Release|x64 = Release|x64
	EndGlobalSection
	GlobalSection(ProjectConfigurationPlatforms) = postSolution
		{D3F63841-CD2B-4917-AF1E-CEF53980AD67}.Debug|Any CPU.ActiveCfg = Debug|x64
		{D3F63841-CD2B-4917-AF1E-CEF53980AD67}.Debug|Any CPU.Build.0 = Debug|x64
		{D3F63841-CD2B-4917-AF1E-CEF53980AD67}.Debug|x64.ActiveCfg = Debug|x64
		{D3F63841-CD2B-4917-AF1E-CEF53980AD67}.Debug|x64.Build.0 = Debug|x64
		{D3F63841-CD2B-4917-AF1E-CEF53980AD67}.Release|Any CPU.ActiveCfg = Release|Any CPU
		{D3F63841-CD2B-4917-AF1E-CEF53980AD67}.Release|Any CPU.Build.0 = Release|Any CPU
		{D3F63841-CD2B-4917-AF1E-CEF53980AD67}.Release|x64.ActiveCfg = Release|x64
		{D3F63841-CD2B-4917-AF1E-CEF53980AD67}.Release|x64.Build.0 = Release|x64
		{774326D7-EE70-4817-9B64-05818D91E8CE}.Debug|Any CPU.ActiveCfg = Debug|Any CPU
		{774326D7-EE70-4817-9B64-05818D91E8CE}.Debug|Any CPU.Build.0 = Debug|Any CPU
		{774326D7-EE70-4817-9B64-05818D91E8CE}.Debug|x64.ActiveCfg = Debug|Any CPU
		{774326D7-EE70-4817-9B64-05818D91E8CE}.Debug|x64.Build.0 = Debug|Any CPU
		{774326D7-EE70-4817-9B64-05818D91E8CE}.Release|Any CPU.ActiveCfg = Release|Any CPU
		{774326D7-EE70-4817-9B64-05818D91E8CE}.Release|Any CPU.Build.0 = Release|Any CPU
		{774326D7-EE70-4817-9B64-05818D91E8CE}.Release|x64.ActiveCfg = Release|Any CPU
		{774326D7-EE70-4817-9B64-05818D91E8CE}.Release|x64.Build.0 = Release|Any CPU
	EndGlobalSection
	GlobalSection(SolutionProperties) = preSolution
		HideSolutionNode = FALSE
	EndGlobalSection
	GlobalSection(ExtensibilityGlobals) = postSolution
		SolutionGuid = {BB9D61E0-9912-4FE8-B334-1C5A07FC0AE9}
	EndGlobalSection
EndGlobal
