
Microsoft Visual Studio Solution File, Format Version 12.00
# Visual Studio Version 16
VisualStudioVersion = 16.0.30204.135
MinimumVisualStudioVersion = 10.0.40219.1
Project("{FAE04EC0-301F-11D3-BF4B-00C04F79EFBC}") = "20200612_WpfControlLibraryUpDown", "20200612_WpfControlLibraryUpDown\20200612_WpfControlLibraryUpDown.csproj", "{4939AB61-64DA-4EF9-B66D-665B26D43911}"
EndProject
Project("{FAE04EC0-301F-11D3-BF4B-00C04F79EFBC}") = "WpfApp4", "WpfApp4\WpfApp4.csproj", "{CFF62CB0-A5AD-4053-8ACD-A26FAA686EF0}"
EndProject
Project("{FAE04EC0-301F-11D3-BF4B-00C04F79EFBC}") = "WpfControlLibrary1", "WpfControlLibrary1\WpfControlLibrary1.csproj", "{AB4F0DEF-E0F1-44C2-B687-540B947BBD81}"
EndProject
Project("{FAE04EC0-301F-11D3-BF4B-00C04F79EFBC}") = "WpfControlLibrary2", "WpfControlLibrary2\WpfControlLibrary2.csproj", "{DBDB6CAE-48BB-4611-A62F-993200F0DE17}"
EndProject
Global
	GlobalSection(SolutionConfigurationPlatforms) = preSolution
		Debug|Any CPU = Debug|Any CPU
		Debug|x64 = Debug|x64
		Release|Any CPU = Release|Any CPU
		Release|x64 = Release|x64
	EndGlobalSection
	GlobalSection(ProjectConfigurationPlatforms) = postSolution
		{4939AB61-64DA-4EF9-B66D-665B26D43911}.Debug|Any CPU.ActiveCfg = Debug|Any CPU
		{4939AB61-64DA-4EF9-B66D-665B26D43911}.Debug|Any CPU.Build.0 = Debug|Any CPU
		{4939AB61-64DA-4EF9-B66D-665B26D43911}.Debug|x64.ActiveCfg = Debug|x64
		{4939AB61-64DA-4EF9-B66D-665B26D43911}.Debug|x64.Build.0 = Debug|x64
		{4939AB61-64DA-4EF9-B66D-665B26D43911}.Release|Any CPU.ActiveCfg = Release|Any CPU
		{4939AB61-64DA-4EF9-B66D-665B26D43911}.Release|Any CPU.Build.0 = Release|Any CPU
		{4939AB61-64DA-4EF9-B66D-665B26D43911}.Release|x64.ActiveCfg = Release|x64
		{4939AB61-64DA-4EF9-B66D-665B26D43911}.Release|x64.Build.0 = Release|x64
		{CFF62CB0-A5AD-4053-8ACD-A26FAA686EF0}.Debug|Any CPU.ActiveCfg = Debug|Any CPU
		{CFF62CB0-A5AD-4053-8ACD-A26FAA686EF0}.Debug|Any CPU.Build.0 = Debug|Any CPU
		{CFF62CB0-A5AD-4053-8ACD-A26FAA686EF0}.Debug|x64.ActiveCfg = Debug|x64
		{CFF62CB0-A5AD-4053-8ACD-A26FAA686EF0}.Debug|x64.Build.0 = Debug|x64
		{CFF62CB0-A5AD-4053-8ACD-A26FAA686EF0}.Release|Any CPU.ActiveCfg = Release|Any CPU
		{CFF62CB0-A5AD-4053-8ACD-A26FAA686EF0}.Release|Any CPU.Build.0 = Release|Any CPU
		{CFF62CB0-A5AD-4053-8ACD-A26FAA686EF0}.Release|x64.ActiveCfg = Release|Any CPU
		{CFF62CB0-A5AD-4053-8ACD-A26FAA686EF0}.Release|x64.Build.0 = Release|Any CPU
		{AB4F0DEF-E0F1-44C2-B687-540B947BBD81}.Debug|Any CPU.ActiveCfg = Debug|Any CPU
		{AB4F0DEF-E0F1-44C2-B687-540B947BBD81}.Debug|Any CPU.Build.0 = Debug|Any CPU
		{AB4F0DEF-E0F1-44C2-B687-540B947BBD81}.Debug|x64.ActiveCfg = Debug|x64
		{AB4F0DEF-E0F1-44C2-B687-540B947BBD81}.Debug|x64.Build.0 = Debug|x64
		{AB4F0DEF-E0F1-44C2-B687-540B947BBD81}.Release|Any CPU.ActiveCfg = Release|Any CPU
		{AB4F0DEF-E0F1-44C2-B687-540B947BBD81}.Release|Any CPU.Build.0 = Release|Any CPU
		{AB4F0DEF-E0F1-44C2-B687-540B947BBD81}.Release|x64.ActiveCfg = Release|Any CPU
		{AB4F0DEF-E0F1-44C2-B687-540B947BBD81}.Release|x64.Build.0 = Release|Any CPU
		{DBDB6CAE-48BB-4611-A62F-993200F0DE17}.Debug|Any CPU.ActiveCfg = Debug|Any CPU
		{DBDB6CAE-48BB-4611-A62F-993200F0DE17}.Debug|Any CPU.Build.0 = Debug|Any CPU
		{DBDB6CAE-48BB-4611-A62F-993200F0DE17}.Debug|x64.ActiveCfg = Debug|x64
		{DBDB6CAE-48BB-4611-A62F-993200F0DE17}.Debug|x64.Build.0 = Debug|x64
		{DBDB6CAE-48BB-4611-A62F-993200F0DE17}.Release|Any CPU.ActiveCfg = Release|Any CPU
		{DBDB6CAE-48BB-4611-A62F-993200F0DE17}.Release|Any CPU.Build.0 = Release|Any CPU
		{DBDB6CAE-48BB-4611-A62F-993200F0DE17}.Release|x64.ActiveCfg = Release|Any CPU
		{DBDB6CAE-48BB-4611-A62F-993200F0DE17}.Release|x64.Build.0 = Release|Any CPU
	EndGlobalSection
	GlobalSection(SolutionProperties) = preSolution
		HideSolutionNode = FALSE
	EndGlobalSection
	GlobalSection(ExtensibilityGlobals) = postSolution
		SolutionGuid = {8C5E4F55-BD67-4BE2-9EAC-DD83051EEFDB}
	EndGlobalSection
EndGlobal
