
Microsoft Visual Studio Solution File, Format Version 12.00
# Visual Studio Version 16
VisualStudioVersion = 16.0.30204.135
MinimumVisualStudioVersion = 10.0.40219.1
Project("{FAE04EC0-301F-11D3-BF4B-00C04F79EFBC}") = "20200613_CoreWpfControlLibrary2", "20200613_CoreWpfControlLibrary2\20200613_CoreWpfControlLibrary2.csproj", "{428BF843-BCA8-4E5B-84EF-7E908F82BB38}"
EndProject
Project("{FAE04EC0-301F-11D3-BF4B-00C04F79EFBC}") = "動作確認用WpfApp1", "動作確認用WpfApp1\動作確認用WpfApp1.csproj", "{510E08FD-7FED-472D-ABEB-AEA60CDB62B5}"
EndProject
Global
	GlobalSection(SolutionConfigurationPlatforms) = preSolution
		Debug|Any CPU = Debug|Any CPU
		Debug|x64 = Debug|x64
		Release|Any CPU = Release|Any CPU
		Release|x64 = Release|x64
	EndGlobalSection
	GlobalSection(ProjectConfigurationPlatforms) = postSolution
		{428BF843-BCA8-4E5B-84EF-7E908F82BB38}.Debug|Any CPU.ActiveCfg = Debug|x64
		{428BF843-BCA8-4E5B-84EF-7E908F82BB38}.Debug|Any CPU.Build.0 = Debug|x64
		{428BF843-BCA8-4E5B-84EF-7E908F82BB38}.Debug|x64.ActiveCfg = Debug|x64
		{428BF843-BCA8-4E5B-84EF-7E908F82BB38}.Debug|x64.Build.0 = Debug|x64
		{428BF843-BCA8-4E5B-84EF-7E908F82BB38}.Release|Any CPU.ActiveCfg = Release|Any CPU
		{428BF843-BCA8-4E5B-84EF-7E908F82BB38}.Release|Any CPU.Build.0 = Release|Any CPU
		{428BF843-BCA8-4E5B-84EF-7E908F82BB38}.Release|x64.ActiveCfg = Release|Any CPU
		{428BF843-BCA8-4E5B-84EF-7E908F82BB38}.Release|x64.Build.0 = Release|Any CPU
		{510E08FD-7FED-472D-ABEB-AEA60CDB62B5}.Debug|Any CPU.ActiveCfg = Debug|Any CPU
		{510E08FD-7FED-472D-ABEB-AEA60CDB62B5}.Debug|Any CPU.Build.0 = Debug|Any CPU
		{510E08FD-7FED-472D-ABEB-AEA60CDB62B5}.Debug|x64.ActiveCfg = Debug|Any CPU
		{510E08FD-7FED-472D-ABEB-AEA60CDB62B5}.Debug|x64.Build.0 = Debug|Any CPU
		{510E08FD-7FED-472D-ABEB-AEA60CDB62B5}.Release|Any CPU.ActiveCfg = Release|Any CPU
		{510E08FD-7FED-472D-ABEB-AEA60CDB62B5}.Release|Any CPU.Build.0 = Release|Any CPU
		{510E08FD-7FED-472D-ABEB-AEA60CDB62B5}.Release|x64.ActiveCfg = Release|Any CPU
		{510E08FD-7FED-472D-ABEB-AEA60CDB62B5}.Release|x64.Build.0 = Release|Any CPU
	EndGlobalSection
	GlobalSection(SolutionProperties) = preSolution
		HideSolutionNode = FALSE
	EndGlobalSection
	GlobalSection(ExtensibilityGlobals) = postSolution
		SolutionGuid = {BF7FB68A-9F23-480B-A3C7-F8586CCFCD1B}
	EndGlobalSection
EndGlobal
