
Microsoft Visual Studio Solution File, Format Version 12.00
# Visual Studio Version 16
VisualStudioVersion = 16.0.30204.135
MinimumVisualStudioVersion = 10.0.40219.1
Project("{FAE04EC0-301F-11D3-BF4B-00C04F79EFBC}") = "20200612_netCore", "20200612_netCore\20200612_netCore.csproj", "{401F7FF8-221C-476B-A239-7921CE95FE89}"
EndProject
Global
	GlobalSection(SolutionConfigurationPlatforms) = preSolution
		Debug|Any CPU = Debug|Any CPU
		Debug|x64 = Debug|x64
		Release|Any CPU = Release|Any CPU
		Release|x64 = Release|x64
	EndGlobalSection
	GlobalSection(ProjectConfigurationPlatforms) = postSolution
		{401F7FF8-221C-476B-A239-7921CE95FE89}.Debug|Any CPU.ActiveCfg = Debug|Any CPU
		{401F7FF8-221C-476B-A239-7921CE95FE89}.Debug|Any CPU.Build.0 = Debug|Any CPU
		{401F7FF8-221C-476B-A239-7921CE95FE89}.Debug|x64.ActiveCfg = Debug|x64
		{401F7FF8-221C-476B-A239-7921CE95FE89}.Debug|x64.Build.0 = Debug|x64
		{401F7FF8-221C-476B-A239-7921CE95FE89}.Release|Any CPU.ActiveCfg = Release|Any CPU
		{401F7FF8-221C-476B-A239-7921CE95FE89}.Release|Any CPU.Build.0 = Release|Any CPU
		{401F7FF8-221C-476B-A239-7921CE95FE89}.Release|x64.ActiveCfg = Release|x64
		{401F7FF8-221C-476B-A239-7921CE95FE89}.Release|x64.Build.0 = Release|x64
	EndGlobalSection
	GlobalSection(SolutionProperties) = preSolution
		HideSolutionNode = FALSE
	EndGlobalSection
	GlobalSection(ExtensibilityGlobals) = postSolution
		SolutionGuid = {B0A9ACDF-1A90-4ECA-BE63-7EB5E15248A7}
	EndGlobalSection
EndGlobal
